// !$*UTF8*$!
{
	archiveVersion = 1;
	classes = {
	};
	objectVersion = 50;
	objects = {

/* Begin PBXBuildFile section */
		713A1D3A20D97F19001E0504 /* Snowman in Resources */ = {isa = PBXBuildFile; fileRef = 713A1D3920D97F19001E0504 /* Snowman */; };
		715296E920DE487E00DBDEB0 /* CoreMotionHelper.swift in Sources */ = {isa = PBXBuildFile; fileRef = 715296E820DE487D00DBDEB0 /* CoreMotionHelper.swift */; };
		715296EB20DE488700DBDEB0 /* GameHelper.swift in Sources */ = {isa = PBXBuildFile; fileRef = 715296EA20DE488700DBDEB0 /* GameHelper.swift */; };
		715296ED20DE4F2000DBDEB0 /* Sounds in Resources */ = {isa = PBXBuildFile; fileRef = 715296EC20DE4F2000DBDEB0 /* Sounds */; };
		715296EF20DE5CBE00DBDEB0 /* vector3Sum.swift in Sources */ = {isa = PBXBuildFile; fileRef = 715296EE20DE5CBE00DBDEB0 /* vector3Sum.swift */; };
		71662B8120D9270A00E84C89 /* AppDelegate.swift in Sources */ = {isa = PBXBuildFile; fileRef = 71662B8020D9270A00E84C89 /* AppDelegate.swift */; };
		71662B8520D9270A00E84C89 /* GameViewController.swift in Sources */ = {isa = PBXBuildFile; fileRef = 71662B8420D9270A00E84C89 /* GameViewController.swift */; };
		71662B8820D9270A00E84C89 /* Main.storyboard in Resources */ = {isa = PBXBuildFile; fileRef = 71662B8620D9270A00E84C89 /* Main.storyboard */; };
		71662B8A20D9270B00E84C89 /* Assets.xcassets in Resources */ = {isa = PBXBuildFile; fileRef = 71662B8920D9270B00E84C89 /* Assets.xcassets */; };
		71662B8D20D9270B00E84C89 /* LaunchScreen.storyboard in Resources */ = {isa = PBXBuildFile; fileRef = 71662B8B20D9270B00E84C89 /* LaunchScreen.storyboard */; };
		71662B9520D9275200E84C89 /* art.scnassets in Resources */ = {isa = PBXBuildFile; fileRef = 71662B9420D9275200E84C89 /* art.scnassets */; };
		716689D820DD3D9B00532436 /* GameUtils in Resources */ = {isa = PBXBuildFile; fileRef = 716689D720DD3D9B00532436 /* GameUtils */; };
/* End PBXBuildFile section */

/* Begin PBXFileReference section */
		713A1D3920D97F19001E0504 /* Snowman */ = {isa = PBXFileReference; lastKnownFileType = folder; path = Snowman; sourceTree = "<group>"; };
		715296E820DE487D00DBDEB0 /* CoreMotionHelper.swift */ = {isa = PBXFileReference; lastKnownFileType = sourcecode.swift; path = CoreMotionHelper.swift; sourceTree = "<group>"; };
		715296EA20DE488700DBDEB0 /* GameHelper.swift */ = {isa = PBXFileReference; lastKnownFileType = sourcecode.swift; path = GameHelper.swift; sourceTree = "<group>"; };
		715296EC20DE4F2000DBDEB0 /* Sounds */ = {isa = PBXFileReference; lastKnownFileType = folder; path = Sounds; sourceTree = "<group>"; };
		715296EE20DE5CBE00DBDEB0 /* vector3Sum.swift */ = {isa = PBXFileReference; lastKnownFileType = sourcecode.swift; path = vector3Sum.swift; sourceTree = "<group>"; };
		71662B7D20D9270A00E84C89 /* MarbleMaze.app */ = {isa = PBXFileReference; explicitFileType = wrapper.application; includeInIndex = 0; path = MarbleMaze.app; sourceTree = BUILT_PRODUCTS_DIR; };
		71662B8020D9270A00E84C89 /* AppDelegate.swift */ = {isa = PBXFileReference; lastKnownFileType = sourcecode.swift; path = AppDelegate.swift; sourceTree = "<group>"; };
		71662B8420D9270A00E84C89 /* GameViewController.swift */ = {isa = PBXFileReference; lastKnownFileType = sourcecode.swift; path = GameViewController.swift; sourceTree = "<group>"; };
		71662B8720D9270A00E84C89 /* Base */ = {isa = PBXFileReference; lastKnownFileType = file.storyboard; name = Base; path = Base.lproj/Main.storyboard; sourceTree = "<group>"; };
		71662B8920D9270B00E84C89 /* Assets.xcassets */ = {isa = PBXFileReference; lastKnownFileType = folder.assetcatalog; path = Assets.xcassets; sourceTree = "<group>"; };
		71662B8C20D9270B00E84C89 /* Base */ = {isa = PBXFileReference; lastKnownFileType = file.storyboard; name = Base; path = Base.lproj/LaunchScreen.storyboard; sourceTree = "<group>"; };
		71662B8E20D9270B00E84C89 /* Info.plist */ = {isa = PBXFileReference; lastKnownFileType = text.plist.xml; path = Info.plist; sourceTree = "<group>"; };
		71662B9420D9275200E84C89 /* art.scnassets */ = {isa = PBXFileReference; lastKnownFileType = wrapper.scnassets; path = art.scnassets; sourceTree = "<group>"; };
		716689D720DD3D9B00532436 /* GameUtils */ = {isa = PBXFileReference; lastKnownFileType = folder; path = GameUtils; sourceTree = "<group>"; };
/* End PBXFileReference section */

/* Begin PBXFrameworksBuildPhase section */
		71662B7A20D9270A00E84C89 /* Frameworks */ = {
			isa = PBXFrameworksBuildPhase;
			buildActionMask = 2147483647;
			files = (
			);
			runOnlyForDeploymentPostprocessing = 0;
		};
/* End PBXFrameworksBuildPhase section */

/* Begin PBXGroup section */
		71662B7420D9270900E84C89 = {
			isa = PBXGroup;
			children = (
				71662B7F20D9270A00E84C89 /* MarbleMaze */,
				71662B7E20D9270A00E84C89 /* Products */,
			);
			sourceTree = "<group>";
		};
		71662B7E20D9270A00E84C89 /* Products */ = {
			isa = PBXGroup;
			children = (
				71662B7D20D9270A00E84C89 /* MarbleMaze.app */,
			);
			name = Products;
			sourceTree = "<group>";
		};
		71662B7F20D9270A00E84C89 /* MarbleMaze */ = {
			isa = PBXGroup;
			children = (
				71662B8020D9270A00E84C89 /* AppDelegate.swift */,
				715296E820DE487D00DBDEB0 /* CoreMotionHelper.swift */,
				715296EA20DE488700DBDEB0 /* GameHelper.swift */,
				71662B8420D9270A00E84C89 /* GameViewController.swift */,
				715296EE20DE5CBE00DBDEB0 /* vector3Sum.swift */,
				71662B8620D9270A00E84C89 /* Main.storyboard */,
				71662B9420D9275200E84C89 /* art.scnassets */,
				71662B8920D9270B00E84C89 /* Assets.xcassets */,
				715296EC20DE4F2000DBDEB0 /* Sounds */,
				716689D720DD3D9B00532436 /* GameUtils */,
				713A1D3920D97F19001E0504 /* Snowman */,
				71662B8B20D9270B00E84C89 /* LaunchScreen.storyboard */,
				71662B8E20D9270B00E84C89 /* Info.plist */,
			);
			path = MarbleMaze;
			sourceTree = "<group>";
		};
/* End PBXGroup section */

/* Begin PBXNativeTarget section */
		71662B7C20D9270A00E84C89 /* MarbleMaze */ = {
			isa = PBXNativeTarget;
			buildConfigurationList = 71662B9120D9270B00E84C89 /* Build configuration list for PBXNativeTarget "MarbleMaze" */;
			buildPhases = (
				71662B7920D9270A00E84C89 /* Sources */,
				71662B7A20D9270A00E84C89 /* Frameworks */,
				71662B7B20D9270A00E84C89 /* Resources */,
			);
			buildRules = (
			);
			dependencies = (
			);
			name = MarbleMaze;
			productName = MarbleMaze;
			productReference = 71662B7D20D9270A00E84C89 /* MarbleMaze.app */;
			productType = "com.apple.product-type.application";
		};
/* End PBXNativeTarget section */

/* Begin PBXProject section */
		71662B7520D9270900E84C89 /* Project object */ = {
			isa = PBXProject;
			attributes = {
				LastSwiftUpdateCheck = 0930;
				LastUpgradeCheck = 0930;
				ORGANIZATIONNAME = "Vincenzo Pugliese";
				TargetAttributes = {
					71662B7C20D9270A00E84C89 = {
						CreatedOnToolsVersion = 9.3;
					};
				};
			};
			buildConfigurationList = 71662B7820D9270900E84C89 /* Build configuration list for PBXProject "MarbleMaze" */;
			compatibilityVersion = "Xcode 9.3";
			developmentRegion = en;
			hasScannedForEncodings = 0;
			knownRegions = (
				en,
				Base,
			);
			mainGroup = 71662B7420D9270900E84C89;
			productRefGroup = 71662B7E20D9270A00E84C89 /* Products */;
			projectDirPath = "";
			projectRoot = "";
			targets = (
				71662B7C20D9270A00E84C89 /* MarbleMaze */,
			);
		};
/* End PBXProject section */

/* Begin PBXResourcesBuildPhase section */
		71662B7B20D9270A00E84C89 /* Resources */ = {
			isa = PBXResourcesBuildPhase;
			buildActionMask = 2147483647;
			files = (
				713A1D3A20D97F19001E0504 /* Snowman in Resources */,
				71662B8D20D9270B00E84C89 /* LaunchScreen.storyboard in Resources */,
				716689D820DD3D9B00532436 /* GameUtils in Resources */,
				71662B9520D9275200E84C89 /* art.scnassets in Resources */,
				71662B8A20D9270B00E84C89 /* Assets.xcassets in Resources */,
				71662B8820D9270A00E84C89 /* Main.storyboard in Resources */,
				715296ED20DE4F2000DBDEB0 /* Sounds in Resources */,
			);
			runOnlyForDeploymentPostprocessing = 0;
		};
/* End PBXResourcesBuildPhase section */

/* Begin PBXSourcesBuildPhase section */
		71662B7920D9270A00E84C89 /* Sources */ = {
			isa = PBXSourcesBuildPhase;
			buildActionMask = 2147483647;
			files = (
				715296E920DE487E00DBDEB0 /* CoreMotionHelper.swift in Sources */,
				715296EB20DE488700DBDEB0 /* GameHelper.swift in Sources */,
				71662B8520D9270A00E84C89 /* GameViewController.swift in Sources */,
				71662B8120D9270A00E84C89 /* AppDelegate.swift in Sources */,
				715296EF20DE5CBE00DBDEB0 /* vector3Sum.swift in Sources */,
			);
			runOnlyForDeploymentPostprocessing = 0;
		};
/* End PBXSourcesBuildPhase section */

/* Begin PBXVariantGroup section */
		71662B8620D9270A00E84C89 /* Main.storyboard */ = {
			isa = PBXVariantGroup;
			children = (
				71662B8720D9270A00E84C89 /* Base */,
			);
			name = Main.storyboard;
			sourceTree = "<group>";
		};
		71662B8B20D9270B00E84C89 /* LaunchScreen.storyboard */ = {
			isa = PBXVariantGroup;
			children = (
				71662B8C20D9270B00E84C89 /* Base */,
			);
			name = LaunchScreen.storyboard;
			sourceTree = "<group>";
		};
/* End PBXVariantGroup section */

/* Begin XCBuildConfiguration section */
		71662B8F20D9270B00E84C89 /* Debug */ = {
			isa = XCBuildConfiguration;
			buildSettings = {
				ALWAYS_SEARCH_USER_PATHS = NO;
				CLANG_ANALYZER_NONNULL = YES;
				CLANG_ANALYZER_NUMBER_OBJECT_CONVERSION = YES_AGGRESSIVE;
				CLANG_CXX_LANGUAGE_STANDARD = "gnu++14";
				CLANG_CXX_LIBRARY = "libc++";
				CLANG_ENABLE_MODULES = YES;
				CLANG_ENABLE_OBJC_ARC = YES;
				CLANG_ENABLE_OBJC_WEAK = YES;
				CLANG_WARN_BLOCK_CAPTURE_AUTORELEASING = YES;
				CLANG_WARN_BOOL_CONVERSION = YES;
				CLANG_WARN_COMMA = YES;
				CLANG_WARN_CONSTANT_CONVERSION = YES;
				CLANG_WARN_DEPRECATED_OBJC_IMPLEMENTATIONS = YES;
				CLANG_WARN_DIRECT_OBJC_ISA_USAGE = YES_ERROR;
				CLANG_WARN_DOCUMENTATION_COMMENTS = YES;
				CLANG_WARN_EMPTY_BODY = YES;
				CLANG_WARN_ENUM_CONVERSION = YES;
				CLANG_WARN_INFINITE_RECURSION = YES;
				CLANG_WARN_INT_CONVERSION = YES;
				CLANG_WARN_NON_LITERAL_NULL_CONVERSION = YES;
				CLANG_WARN_OBJC_IMPLICIT_RETAIN_SELF = YES;
				CLANG_WARN_OBJC_LITERAL_CONVERSION = YES;
				CLANG_WARN_OBJC_ROOT_CLASS = YES_ERROR;
				CLANG_WARN_RANGE_LOOP_ANALYSIS = YES;
				CLANG_WARN_STRICT_PROTOTYPES = YES;
				CLANG_WARN_SUSPICIOUS_MOVE = YES;
				CLANG_WARN_UNGUARDED_AVAILABILITY = YES_AGGRESSIVE;
				CLANG_WARN_UNREACHABLE_CODE = YES;
				CLANG_WARN__DUPLICATE_METHOD_MATCH = YES;
				CODE_SIGN_IDENTITY = "iPhone Developer";
				COPY_PHASE_STRIP = NO;
				DEBUG_INFORMATION_FORMAT = dwarf;
				ENABLE_STRICT_OBJC_MSGSEND = YES;
				ENABLE_TESTABILITY = YES;
				GCC_C_LANGUAGE_STANDARD = gnu11;
				GCC_DYNAMIC_NO_PIC = NO;
				GCC_NO_COMMON_BLOCKS = YES;
				GCC_OPTIMIZATION_LEVEL = 0;
				GCC_PREPROCESSOR_DEFINITIONS = (
					"DEBUG=1",
					"$(inherited)",
				);
				GCC_WARN_64_TO_32_BIT_CONVERSION = YES;
				GCC_WARN_ABOUT_RETURN_TYPE = YES_ERROR;
				GCC_WARN_UNDECLARED_SELECTOR = YES;
				GCC_WARN_UNINITIALIZED_AUTOS = YES_AGGRESSIVE;
				GCC_WARN_UNUSED_FUNCTION = YES;
				GCC_WARN_UNUSED_VARIABLE = YES;
				IPHONEOS_DEPLOYMENT_TARGET = 11.3;
				MTL_ENABLE_DEBUG_INFO = YES;
				ONLY_ACTIVE_ARCH = YES;
				SDKROOT = iphoneos;
				SWIFT_ACTIVE_COMPILATION_CONDITIONS = DEBUG;
				SWIFT_OPTIMIZATION_LEVEL = "-Onone";
			};
			name = Debug;
		};
		71662B9020D9270B00E84C89 /* Release */ = {
			isa = XCBuildConfiguration;
			buildSettings = {
				ALWAYS_SEARCH_USER_PATHS = NO;
				CLANG_ANALYZER_NONNULL = YES;
				CLANG_ANALYZER_NUMBER_OBJECT_CONVERSION = YES_AGGRESSIVE;
				CLANG_CXX_LANGUAGE_STANDARD = "gnu++14";
				CLANG_CXX_LIBRARY = "libc++";
				CLANG_ENABLE_MODULES = YES;
				CLANG_ENABLE_OBJC_ARC = YES;
				CLANG_ENABLE_OBJC_WEAK = YES;
				CLANG_WARN_BLOCK_CAPTURE_AUTORELEASING = YES;
				CLANG_WARN_BOOL_CONVERSION = YES;
				CLANG_WARN_COMMA = YES;
				CLANG_WARN_CONSTANT_CONVERSION = YES;
				CLANG_WARN_DEPRECATED_OBJC_IMPLEMENTATIONS = YES;
				CLANG_WARN_DIRECT_OBJC_ISA_USAGE = YES_ERROR;
				CLANG_WARN_DOCUMENTATION_COMMENTS = YES;
				CLANG_WARN_EMPTY_BODY = YES;
				CLANG_WARN_ENUM_CONVERSION = YES;
				CLANG_WARN_INFINITE_RECURSION = YES;
				CLANG_WARN_INT_CONVERSION = YES;
				CLANG_WARN_NON_LITERAL_NULL_CONVERSION = YES;
				CLANG_WARN_OBJC_IMPLICIT_RETAIN_SELF = YES;
				CLANG_WARN_OBJC_LITERAL_CONVERSION = YES;
				CLANG_WARN_OBJC_ROOT_CLASS = YES_ERROR;
				CLANG_WARN_RANGE_LOOP_ANALYSIS = YES;
				CLANG_WARN_STRICT_PROTOTYPES = YES;
				CLANG_WARN_SUSPICIOUS_MOVE = YES;
				CLANG_WARN_UNGUARDED_AVAILABILITY = YES_AGGRESSIVE;
				CLANG_WARN_UNREACHABLE_CODE = YES;
				CLANG_WARN__DUPLICATE_METHOD_MATCH = YES;
				CODE_SIGN_IDENTITY = "iPhone Developer";
				COPY_PHASE_STRIP = NO;
				DEBUG_INFORMATION_FORMAT = "dwarf-with-dsym";
				ENABLE_NS_ASSERTIONS = NO;
				ENABLE_STRICT_OBJC_MSGSEND = YES;
				GCC_C_LANGUAGE_STANDARD = gnu11;
				GCC_NO_COMMON_BLOCKS = YES;
				GCC_WARN_64_TO_32_BIT_CONVERSION = YES;
				GCC_WARN_ABOUT_RETURN_TYPE = YES_ERROR;
				GCC_WARN_UNDECLARED_SELECTOR = YES;
				GCC_WARN_UNINITIALIZED_AUTOS = YES_AGGRESSIVE;
				GCC_WARN_UNUSED_FUNCTION = YES;
				GCC_WARN_UNUSED_VARIABLE = YES;
				IPHONEOS_DEPLOYMENT_TARGET = 11.3;
				MTL_ENABLE_DEBUG_INFO = NO;
				SDKROOT = iphoneos;
				SWIFT_COMPILATION_MODE = wholemodule;
				SWIFT_OPTIMIZATION_LEVEL = "-O";
				VALIDATE_PRODUCT = YES;
			};
			name = Release;
		};
		71662B9220D9270B00E84C89 /* Debug */ = {
			isa = XCBuildConfiguration;
			buildSettings = {
				ASSETCATALOG_COMPILER_APPICON_NAME = AppIcon;
				CODE_SIGN_STYLE = Automatic;
				DEVELOPMENT_TEAM = 55BP99D3RY;
				INFOPLIST_FILE = MarbleMaze/Info.plist;
				LD_RUNPATH_SEARCH_PATHS = (
					"$(inherited)",
					"@executable_path/Frameworks",
				);
				PRODUCT_BUNDLE_IDENTIFIER = iosda.MarbleMaze;
				PRODUCT_NAME = "$(TARGET_NAME)";
				SWIFT_VERSION = 4.0;
				TARGETED_DEVICE_FAMILY = "1,2";
			};
			name = Debug;
		};
		71662B9320D9270B00E84C89 /* Release */ = {
			isa = XCBuildConfiguration;
			buildSettings = {
				ASSETCATALOG_COMPILER_APPICON_NAME = AppIcon;
				CODE_SIGN_STYLE = Automatic;
				DEVELOPMENT_TEAM = 55BP99D3RY;
				INFOPLIST_FILE = MarbleMaze/Info.plist;
				LD_RUNPATH_SEARCH_PATHS = (
					"$(inherited)",
					"@executable_path/Frameworks",
				);
				PRODUCT_BUNDLE_IDENTIFIER = iosda.MarbleMaze;
				PRODUCT_NAME = "$(TARGET_NAME)";
				SWIFT_VERSION = 4.0;
				TARGETED_DEVICE_FAMILY = "1,2";
			};
			name = Release;
		};
/* End XCBuildConfiguration section */

/* Begin XCConfigurationList section */
		71662B7820D9270900E84C89 /* Build configuration list for PBXProject "MarbleMaze" */ = {
			isa = XCConfigurationList;
			buildConfigurations = (
				71662B8F20D9270B00E84C89 /* Debug */,
				71662B9020D9270B00E84C89 /* Release */,
			);
			defaultConfigurationIsVisible = 0;
			defaultConfigurationName = Release;
		};
		71662B9120D9270B00E84C89 /* Build configuration list for PBXNativeTarget "MarbleMaze" */ = {
			isa = XCConfigurationList;
			buildConfigurations = (
				71662B9220D9270B00E84C89 /* Debug */,
				71662B9320D9270B00E84C89 /* Release */,
			);
			defaultConfigurationIsVisible = 0;
			defaultConfigurationName = Release;
		};
/* End XCConfigurationList section */
	};
	rootObject = 71662B7520D9270900E84C89 /* Project object */;
}
